PODS:
  - FloatingBottomSheet (2.3.0)
  - SnapKit (5.7.1)
  - XMGActionSheet (0.2.0):
    - FloatingBottomSheet

DEPENDENCIES:
  - FloatingBottomSheet
  - SnapKit
  - XMGActionSheet (from `../`)

SPEC REPOS:
  trunk:
    - FloatingBottomSheet
    - SnapKit

EXTERNAL SOURCES:
  XMGActionSheet:
    :path: "../"

SPEC CHECKSUMS:
  FloatingBottomSheet: db2ad307ca88205776d53d75c4d4bcc87cde1d06
  SnapKit: d612e99e678a2d3b95bf60b0705ed0a35c03484a
  XMGActionSheet: 5e2641e32e8d9866ab94fa4e74a9c857735fcfbe

PODFILE CHECKSUM: 10ad9d6c1ef9f26bcce8c1232745edb34b6cbfd1

COCOAPODS: 1.15.2
