{
  "originHash" : "6dc906b9da8ad350b7ddbebf8bebf0cfa8cbb81b800679edd8b60dcdd764ad90",
  "pins" : [
    {
      "identity" : "floatingbottomsheet",
      "kind" : "remoteSourceControl",
      "location" : "https://github.com/OhKanghoon/FloatingBottomSheet",
      "state" : {
        "revision" : "bbb8c85d996045d4e9557f3c270d9ba8c28905e0",
        "version" : "2.3.0"
      }
    }
  ],
  "version" : 3
}
