{
  "originHash" : "5e8a922391616ffe82b4093ef9e05f5e9b9bec7216ec3e57cc346df7ef2f4a9a",
  "pins" : [
    {
      "identity" : "floatingbottomsheet",
      "kind" : "remoteSourceControl",
      "location" : "https://github.com/OhKanghoon/FloatingBottomSheet",
      "state" : {
        "revision" : "96a22218709860424ca0f04f2076a0712570cd9c",
        "version" : "3.1.0"
      }
    }
  ],
  "version" : 3
}
